{
  "name": "blog-express",
  "version": "0.0.1",
  "lockfileVersion": 1,
  "requires": true,
  "dependencies": {
    "accepts": {
      "version": "1.0.1",
      "resolved": "https://registry.npmjs.org/accepts/-/accepts-1.0.1.tgz",
      "integrity": "sha1-weBtYT5iRrqHRnjW2bkjibfOMQw=",
      "requires": {
        "mime": "1.2.11",
        "negotiator": "0.4.9"
      }
    },
    "acorn": {
      "version": "3.3.0",
      "resolved": "https://registry.npmjs.org/acorn/-/acorn-3.3.0.tgz",
      "integrity": "sha1-ReN/s56No/JbruP/U2niu18iAXo="
    },
    "acorn-globals": {
      "version": "3.1.0",
      "resolved": "https://registry.npmjs.org/acorn-globals/-/acorn-globals-3.1.0.tgz",
      "integrity": "sha1-/YJw9x+7SZawBPqIDuXUZXOnMb8=",
      "requires": {
        "acorn": "4.0.13"
      },
      "dependencies": {
        "acorn": {
          "version": "4.0.13",
          "resolved": "https://registry.npmjs.org/acorn/-/acorn-4.0.13.tgz",
          "integrity": "sha1-EFSVrlNh1pe9GVyCUZLhrX8lN4c="
        }
      }
    },
    "align-text": {
      "version": "0.1.4",
      "resolved": "https://registry.npmjs.org/align-text/-/align-text-0.1.4.tgz",
      "integrity": "sha1-DNkKVhCT810KmSVsIrcGlDP60Rc=",
      "requires": {
        "kind-of": "3.2.2",
        "longest": "1.0.1",
        "repeat-string": "1.6.1"
      }
    },
    "amdefine": {
      "version": "1.0.1",
      "resolved": "https://registry.npmjs.org/amdefine/-/amdefine-1.0.1.tgz",
      "integrity": "sha1-SlKCrBZHKek2Gbz9OtFR+BfOkfU="
    },
    "asap": {
      "version": "2.0.6",
      "resolved": "https://registry.npmjs.org/asap/-/asap-2.0.6.tgz",
      "integrity": "sha1-5QNHYR1+aQlDIIu9r+vLwvuGbUY="
    },
    "balanced-match": {
      "version": "1.0.0",
      "resolved": "https://registry.npmjs.org/balanced-match/-/balanced-match-1.0.0.tgz",
      "integrity": "sha1-ibTRmasr7kneFk6gK4nORi1xt2c=",
      "dev": true
    },
    "brace-expansion": {
      "version": "1.1.8",
      "resolved": "https://registry.npmjs.org/brace-expansion/-/brace-expansion-1.1.8.tgz",
      "integrity": "sha1-wHshHHyVLsH479Uad+8NHTmQopI=",
      "dev": true,
      "requires": {
        "balanced-match": "1.0.0",
        "concat-map": "0.0.1"
      }
    },
    "browser-stdout": {
      "version": "1.3.0",
      "resolved": "https://registry.npmjs.org/browser-stdout/-/browser-stdout-1.3.0.tgz",
      "integrity": "sha1-81HTKWnTL6XXpVZxVCY9korjvR8=",
      "dev": true
    },
    "buffer-crc32": {
      "version": "0.2.1",
      "resolved": "https://registry.npmjs.org/buffer-crc32/-/buffer-crc32-0.2.1.tgz",
      "integrity": "sha1-vj5TgvwCttYySVasGvmKqYsIU0w="
    },
    "camelcase": {
      "version": "1.2.1",
      "resolved": "https://registry.npmjs.org/camelcase/-/camelcase-1.2.1.tgz",
      "integrity": "sha1-m7UwTS4LVmmLLHWLCKPqqdqlijk="
    },
    "center-align": {
      "version": "0.1.3",
      "resolved": "https://registry.npmjs.org/center-align/-/center-align-0.1.3.tgz",
      "integrity": "sha1-qg0yYptu6XIgBBHL1EYckHvCt60=",
      "requires": {
        "align-text": "0.1.4",
        "lazy-cache": "1.0.4"
      }
    },
    "clean-css": {
      "version": "3.4.28",
      "resolved": "https://registry.npmjs.org/clean-css/-/clean-css-3.4.28.tgz",
      "integrity": "sha1-vxlF6C/ICPVWlebd6uwBQA79A/8=",
      "requires": {
        "commander": "2.8.1",
        "source-map": "0.4.4"
      },
      "dependencies": {
        "commander": {
          "version": "2.8.1",
          "resolved": "https://registry.npmjs.org/commander/-/commander-2.8.1.tgz",
          "integrity": "sha1-Br42f+v9oMMwqh4qBy09yXYkJdQ=",
          "requires": {
            "graceful-readlink": "1.0.1"
          }
        },
        "source-map": {
          "version": "0.4.4",
          "resolved": "https://registry.npmjs.org/source-map/-/source-map-0.4.4.tgz",
          "integrity": "sha1-66T12pwNyZneaAMti092FzZSA2s=",
          "requires": {
            "amdefine": "1.0.1"
          }
        }
      }
    },
    "cliui": {
      "version": "2.1.0",
      "resolved": "https://registry.npmjs.org/cliui/-/cliui-2.1.0.tgz",
      "integrity": "sha1-S0dXYP+AJkx2LDoXGQMukcf+oNE=",
      "requires": {
        "center-align": "0.1.3",
        "right-align": "0.1.3",
        "wordwrap": "0.0.2"
      }
    },
    "commander": {
      "version": "2.11.0",
      "resolved": "https://registry.npmjs.org/commander/-/commander-2.11.0.tgz",
      "integrity": "sha512-b0553uYA5YAEGgyYIGYROzKQ7X5RAqedkfjiZxwi0kL1g3bOaBNNZfYkzt/CL0umgD5wc9Jec2FbB98CjkMRvQ==",
      "dev": true
    },
    "concat-map": {
      "version": "0.0.1",
      "resolved": "https://registry.npmjs.org/concat-map/-/concat-map-0.0.1.tgz",
      "integrity": "sha1-2Klr13/Wjfd5OnMDajug1UBdR3s=",
      "dev": true
    },
    "cookie": {
      "version": "0.1.2",
      "resolved": "https://registry.npmjs.org/cookie/-/cookie-0.1.2.tgz",
      "integrity": "sha1-cv7D0k5Io0Mgc9kMEmQgBQYQBLE="
    },
    "cookie-signature": {
      "version": "1.0.3",
      "resolved": "https://registry.npmjs.org/cookie-signature/-/cookie-signature-1.0.3.tgz",
      "integrity": "sha1-kc2ZfMUftkFZVzjGnNoCAyj1D/k="
    },
    "cookiejar": {
      "version": "1.3.0",
      "resolved": "https://registry.npmjs.org/cookiejar/-/cookiejar-1.3.0.tgz",
      "integrity": "sha1-3QCzVnkCHpnL1OhVua0EGRNHR2U=",
      "dev": true
    },
    "debug": {
      "version": "3.1.0",
      "resolved": "https://registry.npmjs.org/debug/-/debug-3.1.0.tgz",
      "integrity": "sha512-OX8XqP7/1a9cqkxYw2yXss15f26NKWBpDXQd0/uK/KPqdQhxbPa994hnzjcE2VqQpDslf55723cKPUOGSmMY3g==",
      "requires": {
        "ms": "2.0.0"
      }
    },
    "decamelize": {
      "version": "1.2.0",
      "resolved": "https://registry.npmjs.org/decamelize/-/decamelize-1.2.0.tgz",
      "integrity": "sha1-9lNNFRSCabIDUue+4m9QH5oZEpA="
    },
    "diff": {
      "version": "3.3.1",
      "resolved": "https://registry.npmjs.org/diff/-/diff-3.3.1.tgz",
      "integrity": "sha512-MKPHZDMB0o6yHyDryUOScqZibp914ksXwAMYMTHj6KO8UeKsRYNJD3oNCKjTqZon+V488P7N/HzXF8t7ZR95ww==",
      "dev": true
    },
    "doctypes": {
      "version": "1.1.0",
      "resolved": "https://registry.npmjs.org/doctypes/-/doctypes-1.1.0.tgz",
      "integrity": "sha1-6oCxBqh1OHdOijpKWv4pPeSJ4Kk="
    },
    "emitter-component": {
      "version": "1.0.0",
      "resolved": "https://registry.npmjs.org/emitter-component/-/emitter-component-1.0.0.tgz",
      "integrity": "sha1-8E3Rj8PcPpp0y8DzELCIZm5MAW8=",
      "dev": true
    },
    "escape-html": {
      "version": "1.0.1",
      "resolved": "https://registry.npmjs.org/escape-html/-/escape-html-1.0.1.tgz",
      "integrity": "sha1-GBoobq05ejmpKFfPsdQwUuNWv/A="
    },
    "escape-string-regexp": {
      "version": "1.0.5",
      "resolved": "https://registry.npmjs.org/escape-string-regexp/-/escape-string-regexp-1.0.5.tgz",
      "integrity": "sha1-G2HAViGQqN/2rjuyzwIAyhMLhtQ=",
      "dev": true
    },
    "expect.js": {
      "version": "0.3.1",
      "resolved": "https://registry.npmjs.org/expect.js/-/expect.js-0.3.1.tgz",
      "integrity": "sha1-sKWaDS7/VDdUTr8M6qYBWEHQm1s=",
      "dev": true
    },
    "express": {
      "version": "4.1.2",
      "resolved": "https://registry.npmjs.org/express/-/express-4.1.2.tgz",
      "integrity": "sha1-yx0RQlVximWhvNaVgDbvcgxSlIc=",
      "requires": {
        "accepts": "1.0.1",
        "buffer-crc32": "0.2.1",
        "cookie": "0.1.2",
        "cookie-signature": "1.0.3",
        "debug": "0.8.1",
        "escape-html": "1.0.1",
        "fresh": "0.2.2",
        "merge-descriptors": "0.0.2",
        "methods": "0.1.0",
        "parseurl": "1.0.1",
        "path-to-regexp": "0.1.2",
        "qs": "0.6.6",
        "range-parser": "1.0.0",
        "send": "0.3.0",
        "serve-static": "1.1.0",
        "type-is": "1.1.0",
        "utils-merge": "1.0.0"
      },
      "dependencies": {
        "debug": {
          "version": "0.8.1",
          "resolved": "https://registry.npmjs.org/debug/-/debug-0.8.1.tgz",
          "integrity": "sha1-IP9NJvXkIstoobrLu2EDmtjBwTA="
        }
      }
    },
    "formidable": {
      "version": "1.0.14",
      "resolved": "https://registry.npmjs.org/formidable/-/formidable-1.0.14.tgz",
      "integrity": "sha1-Kz9MQRy7X91pXESEPiojUUpDIxo=",
      "dev": true
    },
    "fresh": {
      "version": "0.2.2",
      "resolved": "https://registry.npmjs.org/fresh/-/fresh-0.2.2.tgz",
      "integrity": "sha1-lzHc9WeMf660T7kDxPct9VGH+nc="
    },
    "fs.realpath": {
      "version": "1.0.0",
      "resolved": "https://registry.npmjs.org/fs.realpath/-/fs.realpath-1.0.0.tgz",
      "integrity": "sha1-FQStJSMVjKpA20onh8sBQRmU6k8=",
      "dev": true
    },
    "function-bind": {
      "version": "1.1.1",
      "resolved": "https://registry.npmjs.org/function-bind/-/function-bind-1.1.1.tgz",
      "integrity": "sha512-yIovAzMX49sF8Yl58fSCWJ5svSLuaibPxXQJFLmBObTuCr0Mf1KiPopGM9NiFjiYBCbfaa2Fh6breQ6ANVTI0A=="
    },
    "glob": {
      "version": "7.1.2",
      "resolved": "https://registry.npmjs.org/glob/-/glob-7.1.2.tgz",
      "integrity": "sha512-MJTUg1kjuLeQCJ+ccE4Vpa6kKVXkPYJ2mOCQyUuKLcLQsdrMCpBPUi8qVE6+YuaJkozeA9NusTAw3hLr8Xe5EQ==",
      "dev": true,
      "requires": {
        "fs.realpath": "1.0.0",
        "inflight": "1.0.6",
        "inherits": "2.0.3",
        "minimatch": "3.0.4",
        "once": "1.4.0",
        "path-is-absolute": "1.0.1"
      }
    },
    "graceful-readlink": {
      "version": "1.0.1",
      "resolved": "https://registry.npmjs.org/graceful-readlink/-/graceful-readlink-1.0.1.tgz",
      "integrity": "sha1-TK+tdrxi8C+gObL5Tpo906ORpyU="
    },
    "growl": {
      "version": "1.10.3",
      "resolved": "https://registry.npmjs.org/growl/-/growl-1.10.3.tgz",
      "integrity": "sha512-hKlsbA5Vu3xsh1Cg3J7jSmX/WaW6A5oBeqzM88oNbCRQFz+zUaXm6yxS4RVytp1scBoJzSYl4YAEOQIt6O8V1Q==",
      "dev": true
    },
    "has": {
      "version": "1.0.1",
      "resolved": "https://registry.npmjs.org/has/-/has-1.0.1.tgz",
      "integrity": "sha1-hGFzP1OLCDfJNh45qauelwTcLyg=",
      "requires": {
        "function-bind": "1.1.1"
      }
    },
    "has-flag": {
      "version": "2.0.0",
      "resolved": "https://registry.npmjs.org/has-flag/-/has-flag-2.0.0.tgz",
      "integrity": "sha1-6CB68cx7MNRGzHC3NLXovhj4jVE=",
      "dev": true
    },
    "he": {
      "version": "1.1.1",
      "resolved": "https://registry.npmjs.org/he/-/he-1.1.1.tgz",
      "integrity": "sha1-k0EP0hsAlzUVH4howvJx80J+I/0=",
      "dev": true
    },
    "inflight": {
      "version": "1.0.6",
      "resolved": "https://registry.npmjs.org/inflight/-/inflight-1.0.6.tgz",
      "integrity": "sha1-Sb1jMdfQLQwJvJEKEHW6gWW1bfk=",
      "dev": true,
      "requires": {
        "once": "1.4.0",
        "wrappy": "1.0.2"
      }
    },
    "inherits": {
      "version": "2.0.3",
      "resolved": "https://registry.npmjs.org/inherits/-/inherits-2.0.3.tgz",
      "integrity": "sha1-Yzwsg+PaQqUC9SRmAiSA9CCCYd4="
    },
    "is-buffer": {
      "version": "1.1.6",
      "resolved": "https://registry.npmjs.org/is-buffer/-/is-buffer-1.1.6.tgz",
      "integrity": "sha512-NcdALwpXkTm5Zvvbk7owOUSvVvBKDgKP5/ewfXEznmQFfs4ZRmanOeKBTjRVjka3QFoN6XJ+9F3USqfHqTaU5w=="
    },
    "is-expression": {
      "version": "2.1.0",
      "resolved": "https://registry.npmjs.org/is-expression/-/is-expression-2.1.0.tgz",
      "integrity": "sha1-kb6dR968/vB3l36XIr5tz7RGXvA=",
      "requires": {
        "acorn": "3.3.0",
        "object-assign": "4.1.1"
      }
    },
    "is-regex": {
      "version": "1.0.4",
      "resolved": "https://registry.npmjs.org/is-regex/-/is-regex-1.0.4.tgz",
      "integrity": "sha1-VRdIm1RwkbCTDglWVM7SXul+lJE=",
      "requires": {
        "has": "1.0.1"
      }
    },
    "js-stringify": {
      "version": "1.0.2",
      "resolved": "https://registry.npmjs.org/js-stringify/-/js-stringify-1.0.2.tgz",
      "integrity": "sha1-Fzb939lyTyijaCrcYjCufk6Weds="
    },
    "jstransformer": {
      "version": "1.0.0",
      "resolved": "https://registry.npmjs.org/jstransformer/-/jstransformer-1.0.0.tgz",
      "integrity": "sha1-7Yvwkh4vPx7U1cGkT2hwntJHIsM=",
      "requires": {
        "is-promise": "2.1.0",
        "promise": "7.3.1"
      },
      "dependencies": {
        "is-promise": {
          "version": "2.1.0",
          "resolved": "https://registry.npmjs.org/is-promise/-/is-promise-2.1.0.tgz",
          "integrity": "sha1-eaKp7OfwlugPNtKy87wWwf9L8/o="
        },
        "promise": {
          "version": "7.3.1",
          "resolved": "https://registry.npmjs.org/promise/-/promise-7.3.1.tgz",
          "integrity": "sha512-nolQXZ/4L+bP/UGlkfaIujX9BKxGwmQ9OT4mOt5yvy8iK1h3wqTEJCijzGANTCCl9nWjY41juyAn2K3Q1hLLTg==",
          "requires": {
            "asap": "2.0.6"
          }
        }
      }
    },
    "kind-of": {
      "version": "3.2.2",
      "resolved": "https://registry.npmjs.org/kind-of/-/kind-of-3.2.2.tgz",
      "integrity": "sha1-MeohpzS6ubuw8yRm2JOupR5KPGQ=",
      "requires": {
        "is-buffer": "1.1.6"
      }
    },
    "lazy-cache": {
      "version": "1.0.4",
      "resolved": "https://registry.npmjs.org/lazy-cache/-/lazy-cache-1.0.4.tgz",
      "integrity": "sha1-odePw6UEdMuAhF07O24dpJpEbo4="
    },
    "longest": {
      "version": "1.0.1",
      "resolved": "https://registry.npmjs.org/longest/-/longest-1.0.1.tgz",
      "integrity": "sha1-MKCy2jj3N3DoKUoNIuZiXtd9AJc="
    },
    "lru-cache": {
      "version": "2.7.3",
      "resolved": "https://registry.npmjs.org/lru-cache/-/lru-cache-2.7.3.tgz",
      "integrity": "sha1-bUUk6LlV+V1PW1iFHOId1y+06VI="
    },
    "merge-descriptors": {
      "version": "0.0.2",
      "resolved": "https://registry.npmjs.org/merge-descriptors/-/merge-descriptors-0.0.2.tgz",
      "integrity": "sha1-w2pSp4FDdRPFcnXzndnTF1FKyMc="
    },
    "methods": {
      "version": "0.1.0",
      "resolved": "https://registry.npmjs.org/methods/-/methods-0.1.0.tgz",
      "integrity": "sha1-M11Cnu/SG3us8unJIqjSvRSjDk8="
    },
    "mime": {
      "version": "1.2.11",
      "resolved": "https://registry.npmjs.org/mime/-/mime-1.2.11.tgz",
      "integrity": "sha1-WCA+7Ybjpe8XrtK32evUfwpg3RA="
    },
    "minimatch": {
      "version": "3.0.4",
      "resolved": "https://registry.npmjs.org/minimatch/-/minimatch-3.0.4.tgz",
      "integrity": "sha512-yJHVQEhyqPLUTgt9B83PXu6W3rx4MvvHvSUvToogpwoGDOUQ+yDrR0HRot+yOCdCO7u4hX3pWft6kWBBcqh0UA==",
      "dev": true,
      "requires": {
        "brace-expansion": "1.1.8"
      }
    },
    "minimist": {
      "version": "0.0.8",
      "resolved": "https://registry.npmjs.org/minimist/-/minimist-0.0.8.tgz",
      "integrity": "sha1-hX/Kv8M5fSYluCKCYuhqp6ARsF0=",
      "dev": true
    },
    "mkdirp": {
      "version": "0.5.1",
      "resolved": "https://registry.npmjs.org/mkdirp/-/mkdirp-0.5.1.tgz",
      "integrity": "sha1-MAV0OOrGz3+MR2fzhkjWaX11yQM=",
      "dev": true,
      "requires": {
        "minimist": "0.0.8"
      }
    },
    "mocha": {
      "version": "4.0.1",
      "resolved": "https://registry.npmjs.org/mocha/-/mocha-4.0.1.tgz",
      "integrity": "sha512-evDmhkoA+cBNiQQQdSKZa2b9+W2mpLoj50367lhy+Klnx9OV8XlCIhigUnn1gaTFLQCa0kdNhEGDr0hCXOQFDw==",
      "dev": true,
      "requires": {
        "browser-stdout": "1.3.0",
        "commander": "2.11.0",
        "debug": "3.1.0",
        "diff": "3.3.1",
        "escape-string-regexp": "1.0.5",
        "glob": "7.1.2",
        "growl": "1.10.3",
        "he": "1.1.1",
        "mkdirp": "0.5.1",
        "supports-color": "4.4.0"
      }
    },
    "ms": {
      "version": "2.0.0",
      "resolved": "https://registry.npmjs.org/ms/-/ms-2.0.0.tgz",
      "integrity": "sha1-VgiurfwAvmwpAd9fmGF4jeDVl8g="
    },
    "negotiator": {
      "version": "0.4.9",
      "resolved": "https://registry.npmjs.org/negotiator/-/negotiator-0.4.9.tgz",
      "integrity": "sha1-kuRrbbU8fkIe1koryU8IvnYw3z8="
    },
    "object-assign": {
      "version": "4.1.1",
      "resolved": "https://registry.npmjs.org/object-assign/-/object-assign-4.1.1.tgz",
      "integrity": "sha1-IQmtx5ZYh8/AXLvUQsrIv7s2CGM="
    },
    "once": {
      "version": "1.4.0",
      "resolved": "https://registry.npmjs.org/once/-/once-1.4.0.tgz",
      "integrity": "sha1-WDsap3WWHUsROsF9nFC6753Xa9E=",
      "dev": true,
      "requires": {
        "wrappy": "1.0.2"
      }
    },
    "parseurl": {
      "version": "1.0.1",
      "resolved": "https://registry.npmjs.org/parseurl/-/parseurl-1.0.1.tgz",
      "integrity": "sha1-Llfc5u/dN8NRhwEDCUTCK/OIt7Q="
    },
    "path-is-absolute": {
      "version": "1.0.1",
      "resolved": "https://registry.npmjs.org/path-is-absolute/-/path-is-absolute-1.0.1.tgz",
      "integrity": "sha1-F0uSaHNVNP+8es5r9TpanhtcX18=",
      "dev": true
    },
    "path-parse": {
      "version": "1.0.5",
      "resolved": "https://registry.npmjs.org/path-parse/-/path-parse-1.0.5.tgz",
      "integrity": "sha1-PBrfhx6pzWyUMbbqK9dKD/BVxME="
    },
    "path-to-regexp": {
      "version": "0.1.2",
      "resolved": "https://registry.npmjs.org/path-to-regexp/-/path-to-regexp-0.1.2.tgz",
      "integrity": "sha1-mysVH5zDAYye6lDKlXKeBXgXErQ="
    },
    "pug": {
      "version": "2.0.0-rc.4",
      "resolved": "https://registry.npmjs.org/pug/-/pug-2.0.0-rc.4.tgz",
      "integrity": "sha512-SL7xovj6E2Loq9N0UgV6ynjMLW4urTFY/L/Fprhvz13Xc5vjzkjZjI1QHKq31200+6PSD8PyU6MqrtCTJj6/XA==",
      "requires": {
        "pug-code-gen": "2.0.0",
        "pug-filters": "2.1.5",
        "pug-lexer": "3.1.0",
        "pug-linker": "3.0.3",
        "pug-load": "2.0.9",
        "pug-parser": "4.0.0",
        "pug-runtime": "2.0.3",
        "pug-strip-comments": "1.0.2"
      }
    },
    "pug-attrs": {
      "version": "2.0.2",
      "resolved": "https://registry.npmjs.org/pug-attrs/-/pug-attrs-2.0.2.tgz",
      "integrity": "sha1-i+KyIlVo/6ddG4Zpgr/59BEa/8s=",
      "requires": {
        "constantinople": "3.1.0",
        "js-stringify": "1.0.2",
        "pug-runtime": "2.0.3"
      },
      "dependencies": {
        "constantinople": {
          "version": "3.1.0",
          "resolved": "https://registry.npmjs.org/constantinople/-/constantinople-3.1.0.tgz",
          "integrity": "sha1-dWnKqKo/jVk11i4fqW+fcCzYHHk=",
          "requires": {
            "acorn": "3.3.0",
            "is-expression": "2.1.0"
          }
        }
      }
    },
    "pug-code-gen": {
      "version": "2.0.0",
      "resolved": "https://registry.npmjs.org/pug-code-gen/-/pug-code-gen-2.0.0.tgz",
      "integrity": "sha512-E4oiJT+Jn5tyEIloj8dIJQognbiNNp0i0cAJmYtQTFS0soJ917nlIuFtqVss3IXMEyQKUew3F4gIkBpn18KbVg==",
      "requires": {
        "constantinople": "3.1.0",
        "doctypes": "1.1.0",
        "js-stringify": "1.0.2",
        "pug-attrs": "2.0.2",
        "pug-error": "1.3.2",
        "pug-runtime": "2.0.3",
        "void-elements": "2.0.1",
        "with": "5.1.1"
      },
      "dependencies": {
        "constantinople": {
          "version": "3.1.0",
          "resolved": "https://registry.npmjs.org/constantinople/-/constantinople-3.1.0.tgz",
          "integrity": "sha1-dWnKqKo/jVk11i4fqW+fcCzYHHk=",
          "requires": {
            "acorn": "3.3.0",
            "is-expression": "2.1.0"
          }
        },
        "with": {
          "version": "5.1.1",
          "resolved": "https://registry.npmjs.org/with/-/with-5.1.1.tgz",
          "integrity": "sha1-+k2qktrzLE6pTtRTyB8EaGtXXf4=",
          "requires": {
            "acorn": "3.3.0",
            "acorn-globals": "3.1.0"
          }
        }
      }
    },
    "pug-error": {
      "version": "1.3.2",
      "resolved": "https://registry.npmjs.org/pug-error/-/pug-error-1.3.2.tgz",
      "integrity": "sha1-U659nSm7A89WRJOgJhCfVMR/XyY="
    },
    "pug-filters": {
      "version": "2.1.5",
      "resolved": "https://registry.npmjs.org/pug-filters/-/pug-filters-2.1.5.tgz",
      "integrity": "sha512-xkw71KtrC4sxleKiq+cUlQzsiLn8pM5+vCgkChW2E6oNOzaqTSIBKIQ5cl4oheuDzvJYCTSYzRaVinMUrV4YLQ==",
      "requires": {
        "clean-css": "3.4.28",
        "constantinople": "3.1.0",
        "jstransformer": "1.0.0",
        "pug-error": "1.3.2",
        "pug-walk": "1.1.5",
        "resolve": "1.5.0",
        "uglify-js": "2.8.29"
      },
      "dependencies": {
        "constantinople": {
          "version": "3.1.0",
          "resolved": "https://registry.npmjs.org/constantinople/-/constantinople-3.1.0.tgz",
          "integrity": "sha1-dWnKqKo/jVk11i4fqW+fcCzYHHk=",
          "requires": {
            "acorn": "3.3.0",
            "is-expression": "2.1.0"
          }
        },
        "source-map": {
          "version": "0.5.7",
          "resolved": "https://registry.npmjs.org/source-map/-/source-map-0.5.7.tgz",
          "integrity": "sha1-igOdLRAh0i0eoUyA2OpGi6LvP8w="
        },
        "uglify-js": {
          "version": "2.8.29",
          "resolved": "https://registry.npmjs.org/uglify-js/-/uglify-js-2.8.29.tgz",
          "integrity": "sha1-KcVzMUgFe7Th913zW3qcty5qWd0=",
          "requires": {
            "source-map": "0.5.7",
            "uglify-to-browserify": "1.0.2",
            "yargs": "3.10.0"
          }
        },
        "yargs": {
          "version": "3.10.0",
          "resolved": "https://registry.npmjs.org/yargs/-/yargs-3.10.0.tgz",
          "integrity": "sha1-9+572FfdfB0tOMDnTvvWgdFDH9E=",
          "requires": {
            "camelcase": "1.2.1",
            "cliui": "2.1.0",
            "decamelize": "1.2.0",
            "window-size": "0.1.0"
          }
        }
      }
    },
    "pug-lexer": {
      "version": "3.1.0",
      "resolved": "https://registry.npmjs.org/pug-lexer/-/pug-lexer-3.1.0.tgz",
      "integrity": "sha1-/QhzdtSmdbT1n4/vQiiDQ06VgaI=",
      "requires": {
        "character-parser": "2.2.0",
        "is-expression": "3.0.0",
        "pug-error": "1.3.2"
      },
      "dependencies": {
        "acorn": {
          "version": "4.0.13",
          "resolved": "https://registry.npmjs.org/acorn/-/acorn-4.0.13.tgz",
          "integrity": "sha1-EFSVrlNh1pe9GVyCUZLhrX8lN4c="
        },
        "character-parser": {
          "version": "2.2.0",
          "resolved": "https://registry.npmjs.org/character-parser/-/character-parser-2.2.0.tgz",
          "integrity": "sha1-x84o821LzZdE5f/CxfzeHHMmH8A=",
          "requires": {
            "is-regex": "1.0.4"
          }
        },
        "is-expression": {
          "version": "3.0.0",
          "resolved": "https://registry.npmjs.org/is-expression/-/is-expression-3.0.0.tgz",
          "integrity": "sha1-Oayqa+f9HzRx3ELHQW5hwkMXrJ8=",
          "requires": {
            "acorn": "4.0.13",
            "object-assign": "4.1.1"
          }
        }
      }
    },
    "pug-linker": {
      "version": "3.0.3",
      "resolved": "https://registry.npmjs.org/pug-linker/-/pug-linker-3.0.3.tgz",
      "integrity": "sha512-DCKczglCXOzJ1lr4xUj/lVHYvS+lGmR2+KTCjZjtIpdwaN7lNOoX2SW6KFX5X4ElvW+6ThwB+acSUg08UJFN5A==",
      "requires": {
        "pug-error": "1.3.2",
        "pug-walk": "1.1.5"
      }
    },
    "pug-load": {
      "version": "2.0.9",
      "resolved": "https://registry.npmjs.org/pug-load/-/pug-load-2.0.9.tgz",
      "integrity": "sha512-BDdZOCru4mg+1MiZwRQZh25+NTRo/R6/qArrdWIf308rHtWA5N9kpoUskRe4H6FslaQujC+DigH9LqlBA4gf6Q==",
      "requires": {
        "object-assign": "4.1.1",
        "pug-walk": "1.1.5"
      }
    },
    "pug-parser": {
      "version": "4.0.0",
      "resolved": "https://registry.npmjs.org/pug-parser/-/pug-parser-4.0.0.tgz",
      "integrity": "sha512-ocEUFPdLG9awwFj0sqi1uiZLNvfoodCMULZzkRqILryIWc/UUlDlxqrKhKjAIIGPX/1SNsvxy63+ayEGocGhQg==",
      "requires": {
        "pug-error": "1.3.2",
        "token-stream": "0.0.1"
      }
    },
    "pug-runtime": {
      "version": "2.0.3",
      "resolved": "https://registry.npmjs.org/pug-runtime/-/pug-runtime-2.0.3.tgz",
      "integrity": "sha1-mBYmB7D86eJU1CfzOYelrucWi9o="
    },
    "pug-strip-comments": {
      "version": "1.0.2",
      "resolved": "https://registry.npmjs.org/pug-strip-comments/-/pug-strip-comments-1.0.2.tgz",
      "integrity": "sha1-0xOvoBvMN0mA4TmeI+vy65vchRM=",
      "requires": {
        "pug-error": "1.3.2"
      }
    },
    "pug-walk": {
      "version": "1.1.5",
      "resolved": "https://registry.npmjs.org/pug-walk/-/pug-walk-1.1.5.tgz",
      "integrity": "sha512-rJlH1lXerCIAtImXBze3dtKq/ykZMA4rpO9FnPcIgsWcxZLOvd8zltaoeOVFyBSSqCkhhJWbEbTMga8UxWUUSA=="
    },
    "qs": {
      "version": "0.6.6",
      "resolved": "https://registry.npmjs.org/qs/-/qs-0.6.6.tgz",
      "integrity": "sha1-bgFQmP9RlouKPIGQAdXyyJvEsQc="
    },
    "range-parser": {
      "version": "1.0.0",
      "resolved": "https://registry.npmjs.org/range-parser/-/range-parser-1.0.0.tgz",
      "integrity": "sha1-pLJkz+C+XONqvjdlrJwqJIdG28A="
    },
    "reduce-component": {
      "version": "1.0.1",
      "resolved": "https://registry.npmjs.org/reduce-component/-/reduce-component-1.0.1.tgz",
      "integrity": "sha1-4Mk1QsV0UhvqE98PlIjtgqt3xdo=",
      "dev": true
    },
    "repeat-string": {
      "version": "1.6.1",
      "resolved": "https://registry.npmjs.org/repeat-string/-/repeat-string-1.6.1.tgz",
      "integrity": "sha1-jcrkcOHIirwtYA//Sndihtp15jc="
    },
    "resolve": {
      "version": "1.5.0",
      "resolved": "https://registry.npmjs.org/resolve/-/resolve-1.5.0.tgz",
      "integrity": "sha512-hgoSGrc3pjzAPHNBg+KnFcK2HwlHTs/YrAGUr6qgTVUZmXv1UEXXl0bZNBKMA9fud6lRYFdPGz0xXxycPzmmiw==",
      "requires": {
        "path-parse": "1.0.5"
      }
    },
    "right-align": {
      "version": "0.1.3",
      "resolved": "https://registry.npmjs.org/right-align/-/right-align-0.1.3.tgz",
      "integrity": "sha1-YTObci/mo1FWiSENJOFMlhSGE+8=",
      "requires": {
        "align-text": "0.1.4"
      }
    },
    "sax": {
      "version": "0.5.8",
      "resolved": "https://registry.npmjs.org/sax/-/sax-0.5.8.tgz",
      "integrity": "sha1-1HLbIo6zMcJQaw6MFVJK25OdEsE="
    },
    "send": {
      "version": "0.3.0",
      "resolved": "https://registry.npmjs.org/send/-/send-0.3.0.tgz",
      "integrity": "sha1-lxgyRjSAb8dbxPj15R9X2dZmBuc=",
      "requires": {
        "buffer-crc32": "0.2.1",
        "debug": "0.8.0",
        "fresh": "0.2.2",
        "mime": "1.2.11",
        "range-parser": "1.0.0"
      },
      "dependencies": {
        "debug": {
          "version": "0.8.0",
          "resolved": "https://registry.npmjs.org/debug/-/debug-0.8.0.tgz",
          "integrity": "sha1-BUHqkfDlA/3wxe7UGKMlUCNJZ/A="
        }
      }
    },
    "serve-static": {
      "version": "1.1.0",
      "resolved": "https://registry.npmjs.org/serve-static/-/serve-static-1.1.0.tgz",
      "integrity": "sha1-RU36Bbs93U5wGokVuDoniqkcVkM=",
      "requires": {
        "parseurl": "1.0.1",
        "send": "0.3.0"
      }
    },
    "sigmund": {
      "version": "1.0.1",
      "resolved": "https://registry.npmjs.org/sigmund/-/sigmund-1.0.1.tgz",
      "integrity": "sha1-P/IfGYytIXX587eBhT/ZTQ0ZtZA="
    },
    "stylus": {
      "version": "0.44.0",
      "resolved": "https://registry.npmjs.org/stylus/-/stylus-0.44.0.tgz",
      "integrity": "sha1-xlRNdSkDd5hoIrWutxiZ2/dW/XI=",
      "requires": {
        "css-parse": "1.7.0",
        "debug": "3.1.0",
        "glob": "3.2.11",
        "mkdirp": "0.3.5",
        "sax": "0.5.8"
      },
      "dependencies": {
        "css-parse": {
          "version": "1.7.0",
          "resolved": "https://registry.npmjs.org/css-parse/-/css-parse-1.7.0.tgz",
          "integrity": "sha1-Mh9s9zeCpv91ERE5D8BeLGV9jJs="
        },
        "glob": {
          "version": "3.2.11",
          "resolved": "https://registry.npmjs.org/glob/-/glob-3.2.11.tgz",
          "integrity": "sha1-Spc/Y1uRkPcV0QmH1cAP0oFevj0=",
          "requires": {
            "inherits": "2.0.3",
            "minimatch": "0.3.0"
          }
        },
        "minimatch": {
          "version": "0.3.0",
          "resolved": "https://registry.npmjs.org/minimatch/-/minimatch-0.3.0.tgz",
          "integrity": "sha1-J12O2qxPG7MyZHIInnlJyDlGmd0=",
          "requires": {
            "lru-cache": "2.7.3",
            "sigmund": "1.0.1"
          }
        },
        "mkdirp": {
          "version": "0.3.5",
          "resolved": "https://registry.npmjs.org/mkdirp/-/mkdirp-0.3.5.tgz",
          "integrity": "sha1-3j5fiWHIjHh+4TaN+EmsRBPsqNc="
        }
      }
    },
    "superagent": {
      "version": "0.15.7",
      "resolved": "https://registry.npmjs.org/superagent/-/superagent-0.15.7.tgz",
      "integrity": "sha1-CVxwuK//vAcvFFjzloTUhU1jM6M=",
      "dev": true,
      "requires": {
        "cookiejar": "1.3.0",
        "debug": "0.7.4",
        "emitter-component": "1.0.0",
        "formidable": "1.0.14",
        "methods": "0.0.1",
        "mime": "1.2.5",
        "qs": "0.6.5",
        "reduce-component": "1.0.1"
      },
      "dependencies": {
        "debug": {
          "version": "0.7.4",
          "resolved": "https://registry.npmjs.org/debug/-/debug-0.7.4.tgz",
          "integrity": "sha1-BuHqgILCyxTjmAbiLi9vdX+Srzk=",
          "dev": true
        },
        "methods": {
          "version": "0.0.1",
          "resolved": "https://registry.npmjs.org/methods/-/methods-0.0.1.tgz",
          "integrity": "sha1-J3yQ+L7zlwlkWoNxxRw7bGSOBow=",
          "dev": true
        },
        "mime": {
          "version": "1.2.5",
          "resolved": "https://registry.npmjs.org/mime/-/mime-1.2.5.tgz",
          "integrity": "sha1-nu0HMCKov14WyFZsaGe4gyv7+hM=",
          "dev": true
        },
        "qs": {
          "version": "0.6.5",
          "resolved": "https://registry.npmjs.org/qs/-/qs-0.6.5.tgz",
          "integrity": "sha1-KUsmjksNQlD23eGbO4s0k13/FO8=",
          "dev": true
        }
      }
    },
    "supports-color": {
      "version": "4.4.0",
      "resolved": "https://registry.npmjs.org/supports-color/-/supports-color-4.4.0.tgz",
      "integrity": "sha512-rKC3+DyXWgK0ZLKwmRsrkyHVZAjNkfzeehuFWdGGcqGDTZFH73+RH6S/RDAAxl9GusSjZSUWYLmT9N5pzXFOXQ==",
      "dev": true,
      "requires": {
        "has-flag": "2.0.0"
      }
    },
    "token-stream": {
      "version": "0.0.1",
      "resolved": "https://registry.npmjs.org/token-stream/-/token-stream-0.0.1.tgz",
      "integrity": "sha1-zu78cXp2xDFvEm0LnbqlXX598Bo="
    },
    "type-is": {
      "version": "1.1.0",
      "resolved": "https://registry.npmjs.org/type-is/-/type-is-1.1.0.tgz",
      "integrity": "sha1-0CReyLJnZmjVndDPMlUGBnalfbY=",
      "requires": {
        "mime": "1.2.11"
      }
    },
    "uglify-to-browserify": {
      "version": "1.0.2",
      "resolved": "https://registry.npmjs.org/uglify-to-browserify/-/uglify-to-browserify-1.0.2.tgz",
      "integrity": "sha1-bgkk1r2mta/jSeOabWMoUKD4grc=",
      "optional": true
    },
    "utils-merge": {
      "version": "1.0.0",
      "resolved": "https://registry.npmjs.org/utils-merge/-/utils-merge-1.0.0.tgz",
      "integrity": "sha1-ApT7kiu5N1FTVBxPcJYjHyh8ivg="
    },
    "void-elements": {
      "version": "2.0.1",
      "resolved": "https://registry.npmjs.org/void-elements/-/void-elements-2.0.1.tgz",
      "integrity": "sha1-wGavtYK7HLQSjWDqkjkulNXp2+w="
    },
    "window-size": {
      "version": "0.1.0",
      "resolved": "https://registry.npmjs.org/window-size/-/window-size-0.1.0.tgz",
      "integrity": "sha1-VDjNLqk7IC76Ohn+iIeu58lPnJ0="
    },
    "wordwrap": {
      "version": "0.0.2",
      "resolved": "https://registry.npmjs.org/wordwrap/-/wordwrap-0.0.2.tgz",
      "integrity": "sha1-t5Zpu0LstAn4PVg8rVLKF+qhZD8="
    },
    "wrappy": {
      "version": "1.0.2",
      "resolved": "https://registry.npmjs.org/wrappy/-/wrappy-1.0.2.tgz",
      "integrity": "sha1-tSQ9jz7BqjXxNkYFvA0QNuMKtp8=",
      "dev": true
    }
  }
}
